
Microsoft Visual Studio Solution File, Format Version 12.00
# Visual Studio 15
VisualStudioVersion = 15.0.28307.329
MinimumVisualStudioVersion = 10.0.40219.1
Project("{FAE04EC0-301F-11D3-BF4B-00C04F79EFBC}") = "ZWM", "ZWM\ZWM.csproj", "{F2805395-6999-4C78-804C-D080E5021C97}"
EndProject
Global
	GlobalSection(SolutionConfigurationPlatforms) = preSolution
		Debug|Any CPU = Debug|Any CPU
		Release|Any CPU = Release|Any CPU
	EndGlobalSection
	GlobalSection(ProjectConfigurationPlatforms) = postSolution
		{F2805395-6999-4C78-804C-D080E5021C97}.Debug|Any CPU.ActiveCfg = Debug|Any CPU
		{F2805395-6999-4C78-804C-D080E5021C97}.Debug|Any CPU.Build.0 = Debug|Any CPU
		{F2805395-6999-4C78-804C-D080E5021C97}.Release|Any CPU.ActiveCfg = Release|Any CPU
		{F2805395-6999-4C78-804C-D080E5021C97}.Release|Any CPU.Build.0 = Release|Any CPU
	EndGlobalSection
	GlobalSection(SolutionProperties) = preSolution
		HideSolutionNode = FALSE
	EndGlobalSection
	GlobalSection(ExtensibilityGlobals) = postSolution
		SolutionGuid = {3AA9F071-54FD-4274-BE36-31F9C0E01175}
	EndGlobalSection
EndGlobal
